// !$*UTF8*$!
{
	archiveVersion = 1;
	classes = {
	};
	objectVersion = 46;
	objects = {

/* Begin PBXBuildFile section */
		B042FF071A72CD3500312E6F /* FWKGridViewController.m in Sources */ = {isa = PBXBuildFile; fileRef = B042FF051A72CD3500312E6F /* FWKGridViewController.m */; };
		B042FF081A72CD3500312E6F /* FWKGridViewController.xib in Resources */ = {isa = PBXBuildFile; fileRef = B042FF061A72CD3500312E6F /* FWKGridViewController.xib */; };
		B042FF0D1A72D5A700312E6F /* UIView+VBHierarchySupport.m in Sources */ = {isa = PBXBuildFile; fileRef = B042FF0C1A72D5A700312E6F /* UIView+VBHierarchySupport.m */; };
		B042FF101A72D5F500312E6F /* NSLayoutConstraint+VBSelfInstall.m in Sources */ = {isa = PBXBuildFile; fileRef = B042FF0F1A72D5F500312E6F /* NSLayoutConstraint+VBSelfInstall.m */; };
		B042FF141A72E6C400312E6F /* FWKGridDataSource.m in Sources */ = {isa = PBXBuildFile; fileRef = B042FF131A72E6C400312E6F /* FWKGridDataSource.m */; };
		B042FF171A72E7E800312E6F /* FWKGridCell.m in Sources */ = {isa = PBXBuildFile; fileRef = B042FF161A72E7E800312E6F /* FWKGridCell.m */; };
		B0F0D1CE1A69694800C3FB6A /* main.m in Sources */ = {isa = PBXBuildFile; fileRef = B0F0D1CD1A69694800C3FB6A /* main.m */; };
		B0F0D1D11A69694800C3FB6A /* AppDelegate.m in Sources */ = {isa = PBXBuildFile; fileRef = B0F0D1D01A69694800C3FB6A /* AppDelegate.m */; };
		B0F0D1D41A69694800C3FB6A /* ViewController.m in Sources */ = {isa = PBXBuildFile; fileRef = B0F0D1D31A69694800C3FB6A /* ViewController.m */; };
		B0F0D1D71A69694800C3FB6A /* Main.storyboard in Resources */ = {isa = PBXBuildFile; fileRef = B0F0D1D51A69694800C3FB6A /* Main.storyboard */; };
		B0F0D1D91A69694800C3FB6A /* Images.xcassets in Resources */ = {isa = PBXBuildFile; fileRef = B0F0D1D81A69694800C3FB6A /* Images.xcassets */; };
		B0F0D1DC1A69694800C3FB6A /* LaunchScreen.xib in Resources */ = {isa = PBXBuildFile; fileRef = B0F0D1DA1A69694800C3FB6A /* LaunchScreen.xib */; };
		B0F0D1E81A69694800C3FB6A /* ShinyOctoCyrilTests.m in Sources */ = {isa = PBXBuildFile; fileRef = B0F0D1E71A69694800C3FB6A /* ShinyOctoCyrilTests.m */; };
/* End PBXBuildFile section */

/* Begin PBXContainerItemProxy section */
		B0F0D1E21A69694800C3FB6A /* PBXContainerItemProxy */ = {
			isa = PBXContainerItemProxy;
			containerPortal = B0F0D1C01A69694800C3FB6A /* Project object */;
			proxyType = 1;
			remoteGlobalIDString = B0F0D1C71A69694800C3FB6A;
			remoteInfo = ShinyOctoCyril;
		};
/* End PBXContainerItemProxy section */

/* Begin PBXFileReference section */
		B042FF041A72CD3500312E6F /* FWKGridViewController.h */ = {isa = PBXFileReference; fileEncoding = 4; lastKnownFileType = sourcecode.c.h; path = FWKGridViewController.h; sourceTree = "<group>"; };
		B042FF051A72CD3500312E6F /* FWKGridViewController.m */ = {isa = PBXFileReference; fileEncoding = 4; lastKnownFileType = sourcecode.c.objc; path = FWKGridViewController.m; sourceTree = "<group>"; };
		B042FF061A72CD3500312E6F /* FWKGridViewController.xib */ = {isa = PBXFileReference; fileEncoding = 4; lastKnownFileType = file.xib; path = FWKGridViewController.xib; sourceTree = "<group>"; };
		B042FF0B1A72D5A700312E6F /* UIView+VBHierarchySupport.h */ = {isa = PBXFileReference; fileEncoding = 4; lastKnownFileType = sourcecode.c.h; path = "UIView+VBHierarchySupport.h"; sourceTree = "<group>"; };
		B042FF0C1A72D5A700312E6F /* UIView+VBHierarchySupport.m */ = {isa = PBXFileReference; fileEncoding = 4; lastKnownFileType = sourcecode.c.objc; path = "UIView+VBHierarchySupport.m"; sourceTree = "<group>"; };
		B042FF0E1A72D5F500312E6F /* NSLayoutConstraint+VBSelfInstall.h */ = {isa = PBXFileReference; fileEncoding = 4; lastKnownFileType = sourcecode.c.h; path = "NSLayoutConstraint+VBSelfInstall.h"; sourceTree = "<group>"; };
		B042FF0F1A72D5F500312E6F /* NSLayoutConstraint+VBSelfInstall.m */ = {isa = PBXFileReference; fileEncoding = 4; lastKnownFileType = sourcecode.c.objc; path = "NSLayoutConstraint+VBSelfInstall.m"; sourceTree = "<group>"; };
		B042FF121A72E6C400312E6F /* FWKGridDataSource.h */ = {isa = PBXFileReference; fileEncoding = 4; lastKnownFileType = sourcecode.c.h; name = FWKGridDataSource.h; path = Grid/FWKGridDataSource.h; sourceTree = "<group>"; };
		B042FF131A72E6C400312E6F /* FWKGridDataSource.m */ = {isa = PBXFileReference; fileEncoding = 4; lastKnownFileType = sourcecode.c.objc; name = FWKGridDataSource.m; path = Grid/FWKGridDataSource.m; sourceTree = "<group>"; };
		B042FF151A72E7E800312E6F /* FWKGridCell.h */ = {isa = PBXFileReference; fileEncoding = 4; lastKnownFileType = sourcecode.c.h; name = FWKGridCell.h; path = Grid/FWKGridCell.h; sourceTree = "<group>"; };
		B042FF161A72E7E800312E6F /* FWKGridCell.m */ = {isa = PBXFileReference; fileEncoding = 4; lastKnownFileType = sourcecode.c.objc; name = FWKGridCell.m; path = Grid/FWKGridCell.m; sourceTree = "<group>"; };
		B0F0D1C81A69694800C3FB6A /* ShinyOctoCyril.app */ = {isa = PBXFileReference; explicitFileType = wrapper.application; includeInIndex = 0; path = ShinyOctoCyril.app; sourceTree = BUILT_PRODUCTS_DIR; };
		B0F0D1CC1A69694800C3FB6A /* Info.plist */ = {isa = PBXFileReference; lastKnownFileType = text.plist.xml; path = Info.plist; sourceTree = "<group>"; };
		B0F0D1CD1A69694800C3FB6A /* main.m */ = {isa = PBXFileReference; lastKnownFileType = sourcecode.c.objc; path = main.m; sourceTree = "<group>"; };
		B0F0D1CF1A69694800C3FB6A /* AppDelegate.h */ = {isa = PBXFileReference; lastKnownFileType = sourcecode.c.h; path = AppDelegate.h; sourceTree = "<group>"; };
		B0F0D1D01A69694800C3FB6A /* AppDelegate.m */ = {isa = PBXFileReference; lastKnownFileType = sourcecode.c.objc; path = AppDelegate.m; sourceTree = "<group>"; };
		B0F0D1D21A69694800C3FB6A /* ViewController.h */ = {isa = PBXFileReference; lastKnownFileType = sourcecode.c.h; path = ViewController.h; sourceTree = "<group>"; };
		B0F0D1D31A69694800C3FB6A /* ViewController.m */ = {isa = PBXFileReference; lastKnownFileType = sourcecode.c.objc; path = ViewController.m; sourceTree = "<group>"; };
		B0F0D1D61A69694800C3FB6A /* Base */ = {isa = PBXFileReference; lastKnownFileType = file.storyboard; name = Base; path = Base.lproj/Main.storyboard; sourceTree = "<group>"; };
		B0F0D1D81A69694800C3FB6A /* Images.xcassets */ = {isa = PBXFileReference; lastKnownFileType = folder.assetcatalog; path = Images.xcassets; sourceTree = "<group>"; };
		B0F0D1DB1A69694800C3FB6A /* Base */ = {isa = PBXFileReference; lastKnownFileType = file.xib; name = Base; path = Base.lproj/LaunchScreen.xib; sourceTree = "<group>"; };
		B0F0D1E11A69694800C3FB6A /* ShinyOctoCyrilTests.xctest */ = {isa = PBXFileReference; explicitFileType = wrapper.cfbundle; includeInIndex = 0; path = ShinyOctoCyrilTests.xctest; sourceTree = BUILT_PRODUCTS_DIR; };
		B0F0D1E61A69694800C3FB6A /* Info.plist */ = {isa = PBXFileReference; lastKnownFileType = text.plist.xml; path = Info.plist; sourceTree = "<group>"; };
		B0F0D1E71A69694800C3FB6A /* ShinyOctoCyrilTests.m */ = {isa = PBXFileReference; lastKnownFileType = sourcecode.c.objc; path = ShinyOctoCyrilTests.m; sourceTree = "<group>"; };
/* End PBXFileReference section */

/* Begin PBXFrameworksBuildPhase section */
		B0F0D1C51A69694800C3FB6A /* Frameworks */ = {
			isa = PBXFrameworksBuildPhase;
			buildActionMask = 2147483647;
			files = (
			);
			runOnlyForDeploymentPostprocessing = 0;
		};
		B0F0D1DE1A69694800C3FB6A /* Frameworks */ = {
			isa = PBXFrameworksBuildPhase;
			buildActionMask = 2147483647;
			files = (
			);
			runOnlyForDeploymentPostprocessing = 0;
		};
/* End PBXFrameworksBuildPhase section */

/* Begin PBXGroup section */
		B042FF091A72D55800312E6F /* Utilities */ = {
			isa = PBXGroup;
			children = (
				B042FF111A72D92F00312E6F /* Grid */,
				B042FF0A1A72D56400312E6F /* Categories */,
			);
			name = Utilities;
			sourceTree = "<group>";
		};
		B042FF0A1A72D56400312E6F /* Categories */ = {
			isa = PBXGroup;
			children = (
				B042FF0B1A72D5A700312E6F /* UIView+VBHierarchySupport.h */,
				B042FF0C1A72D5A700312E6F /* UIView+VBHierarchySupport.m */,
				B042FF0E1A72D5F500312E6F /* NSLayoutConstraint+VBSelfInstall.h */,
				B042FF0F1A72D5F500312E6F /* NSLayoutConstraint+VBSelfInstall.m */,
			);
			name = Categories;
			sourceTree = "<group>";
		};
		B042FF111A72D92F00312E6F /* Grid */ = {
			isa = PBXGroup;
			children = (
				B042FF121A72E6C400312E6F /* FWKGridDataSource.h */,
				B042FF131A72E6C400312E6F /* FWKGridDataSource.m */,
				B042FF151A72E7E800312E6F /* FWKGridCell.h */,
				B042FF161A72E7E800312E6F /* FWKGridCell.m */,
			);
			name = Grid;
			sourceTree = "<group>";
		};
		B0F0D1BF1A69694800C3FB6A = {
			isa = PBXGroup;
			children = (
				B0F0D1CA1A69694800C3FB6A /* ShinyOctoCyril */,
				B0F0D1E41A69694800C3FB6A /* ShinyOctoCyrilTests */,
				B0F0D1C91A69694800C3FB6A /* Products */,
			);
			sourceTree = "<group>";
		};
		B0F0D1C91A69694800C3FB6A /* Products */ = {
			isa = PBXGroup;
			children = (
				B0F0D1C81A69694800C3FB6A /* ShinyOctoCyril.app */,
				B0F0D1E11A69694800C3FB6A /* ShinyOctoCyrilTests.xctest */,
			);
			name = Products;
			sourceTree = "<group>";
		};
		B0F0D1CA1A69694800C3FB6A /* ShinyOctoCyril */ = {
			isa = PBXGroup;
			children = (
				B042FF091A72D55800312E6F /* Utilities */,
				B0F0D1CF1A69694800C3FB6A /* AppDelegate.h */,
				B0F0D1D01A69694800C3FB6A /* AppDelegate.m */,
				B0F0D1D21A69694800C3FB6A /* ViewController.h */,
				B0F0D1D31A69694800C3FB6A /* ViewController.m */,
				B0F0D1D51A69694800C3FB6A /* Main.storyboard */,
				B0F0D1D81A69694800C3FB6A /* Images.xcassets */,
				B0F0D1DA1A69694800C3FB6A /* LaunchScreen.xib */,
				B0F0D1CB1A69694800C3FB6A /* Supporting Files */,
				B042FF041A72CD3500312E6F /* FWKGridViewController.h */,
				B042FF051A72CD3500312E6F /* FWKGridViewController.m */,
				B042FF061A72CD3500312E6F /* FWKGridViewController.xib */,
			);
			path = ShinyOctoCyril;
			sourceTree = "<group>";
		};
		B0F0D1CB1A69694800C3FB6A /* Supporting Files */ = {
			isa = PBXGroup;
			children = (
				B0F0D1CC1A69694800C3FB6A /* Info.plist */,
				B0F0D1CD1A69694800C3FB6A /* main.m */,
			);
			name = "Supporting Files";
			sourceTree = "<group>";
		};
		B0F0D1E41A69694800C3FB6A /* ShinyOctoCyrilTests */ = {
			isa = PBXGroup;
			children = (
				B0F0D1E71A69694800C3FB6A /* ShinyOctoCyrilTests.m */,
				B0F0D1E51A69694800C3FB6A /* Supporting Files */,
			);
			path = ShinyOctoCyrilTests;
			sourceTree = "<group>";
		};
		B0F0D1E51A69694800C3FB6A /* Supporting Files */ = {
			isa = PBXGroup;
			children = (
				B0F0D1E61A69694800C3FB6A /* Info.plist */,
			);
			name = "Supporting Files";
			sourceTree = "<group>";
		};
/* End PBXGroup section */

/* Begin PBXNativeTarget section */
		B0F0D1C71A69694800C3FB6A /* ShinyOctoCyril */ = {
			isa = PBXNativeTarget;
			buildConfigurationList = B0F0D1EB1A69694800C3FB6A /* Build configuration list for PBXNativeTarget "ShinyOctoCyril" */;
			buildPhases = (
				B0F0D1C41A69694800C3FB6A /* Sources */,
				B0F0D1C51A69694800C3FB6A /* Frameworks */,
				B0F0D1C61A69694800C3FB6A /* Resources */,
			);
			buildRules = (
			);
			dependencies = (
			);
			name = ShinyOctoCyril;
			productName = ShinyOctoCyril;
			productReference = B0F0D1C81A69694800C3FB6A /* ShinyOctoCyril.app */;
			productType = "com.apple.product-type.application";
		};
		B0F0D1E01A69694800C3FB6A /* ShinyOctoCyrilTests */ = {
			isa = PBXNativeTarget;
			buildConfigurationList = B0F0D1EE1A69694800C3FB6A /* Build configuration list for PBXNativeTarget "ShinyOctoCyrilTests" */;
			buildPhases = (
				B0F0D1DD1A69694800C3FB6A /* Sources */,
				B0F0D1DE1A69694800C3FB6A /* Frameworks */,
				B0F0D1DF1A69694800C3FB6A /* Resources */,
			);
			buildRules = (
			);
			dependencies = (
				B0F0D1E31A69694800C3FB6A /* PBXTargetDependency */,
			);
			name = ShinyOctoCyrilTests;
			productName = ShinyOctoCyrilTests;
			productReference = B0F0D1E11A69694800C3FB6A /* ShinyOctoCyrilTests.xctest */;
			productType = "com.apple.product-type.bundle.unit-test";
		};
/* End PBXNativeTarget section */

/* Begin PBXProject section */
		B0F0D1C01A69694800C3FB6A /* Project object */ = {
			isa = PBXProject;
			attributes = {
				LastUpgradeCheck = 0610;
				ORGANIZATIONNAME = "Ariel Rodriguez";
				TargetAttributes = {
					B0F0D1C71A69694800C3FB6A = {
						CreatedOnToolsVersion = 6.1.1;
					};
					B0F0D1E01A69694800C3FB6A = {
						CreatedOnToolsVersion = 6.1.1;
						TestTargetID = B0F0D1C71A69694800C3FB6A;
					};
				};
			};
			buildConfigurationList = B0F0D1C31A69694800C3FB6A /* Build configuration list for PBXProject "ShinyOctoCyril" */;
			compatibilityVersion = "Xcode 3.2";
			developmentRegion = English;
			hasScannedForEncodings = 0;
			knownRegions = (
				en,
				Base,
			);
			mainGroup = B0F0D1BF1A69694800C3FB6A;
			productRefGroup = B0F0D1C91A69694800C3FB6A /* Products */;
			projectDirPath = "";
			projectRoot = "";
			targets = (
				B0F0D1C71A69694800C3FB6A /* ShinyOctoCyril */,
				B0F0D1E01A69694800C3FB6A /* ShinyOctoCyrilTests */,
			);
		};
/* End PBXProject section */

/* Begin PBXResourcesBuildPhase section */
		B0F0D1C61A69694800C3FB6A /* Resources */ = {
			isa = PBXResourcesBuildPhase;
			buildActionMask = 2147483647;
			files = (
				B0F0D1D71A69694800C3FB6A /* Main.storyboard in Resources */,
				B0F0D1DC1A69694800C3FB6A /* LaunchScreen.xib in Resources */,
				B0F0D1D91A69694800C3FB6A /* Images.xcassets in Resources */,
				B042FF081A72CD3500312E6F /* FWKGridViewController.xib in Resources */,
			);
			runOnlyForDeploymentPostprocessing = 0;
		};
		B0F0D1DF1A69694800C3FB6A /* Resources */ = {
			isa = PBXResourcesBuildPhase;
			buildActionMask = 2147483647;
			files = (
			);
			runOnlyForDeploymentPostprocessing = 0;
		};
/* End PBXResourcesBuildPhase section */

/* Begin PBXSourcesBuildPhase section */
		B0F0D1C41A69694800C3FB6A /* Sources */ = {
			isa = PBXSourcesBuildPhase;
			buildActionMask = 2147483647;
			files = (
				B0F0D1D41A69694800C3FB6A /* ViewController.m in Sources */,
				B042FF101A72D5F500312E6F /* NSLayoutConstraint+VBSelfInstall.m in Sources */,
				B0F0D1D11A69694800C3FB6A /* AppDelegate.m in Sources */,
				B042FF0D1A72D5A700312E6F /* UIView+VBHierarchySupport.m in Sources */,
				B0F0D1CE1A69694800C3FB6A /* main.m in Sources */,
				B042FF071A72CD3500312E6F /* FWKGridViewController.m in Sources */,
				B042FF171A72E7E800312E6F /* FWKGridCell.m in Sources */,
				B042FF141A72E6C400312E6F /* FWKGridDataSource.m in Sources */,
			);
			runOnlyForDeploymentPostprocessing = 0;
		};
		B0F0D1DD1A69694800C3FB6A /* Sources */ = {
			isa = PBXSourcesBuildPhase;
			buildActionMask = 2147483647;
			files = (
				B0F0D1E81A69694800C3FB6A /* ShinyOctoCyrilTests.m in Sources */,
			);
			runOnlyForDeploymentPostprocessing = 0;
		};
/* End PBXSourcesBuildPhase section */

/* Begin PBXTargetDependency section */
		B0F0D1E31A69694800C3FB6A /* PBXTargetDependency */ = {
			isa = PBXTargetDependency;
			target = B0F0D1C71A69694800C3FB6A /* ShinyOctoCyril */;
			targetProxy = B0F0D1E21A69694800C3FB6A /* PBXContainerItemProxy */;
		};
/* End PBXTargetDependency section */

/* Begin PBXVariantGroup section */
		B0F0D1D51A69694800C3FB6A /* Main.storyboard */ = {
			isa = PBXVariantGroup;
			children = (
				B0F0D1D61A69694800C3FB6A /* Base */,
			);
			name = Main.storyboard;
			sourceTree = "<group>";
		};
		B0F0D1DA1A69694800C3FB6A /* LaunchScreen.xib */ = {
			isa = PBXVariantGroup;
			children = (
				B0F0D1DB1A69694800C3FB6A /* Base */,
			);
			name = LaunchScreen.xib;
			sourceTree = "<group>";
		};
/* End PBXVariantGroup section */

/* Begin XCBuildConfiguration section */
		B0F0D1E91A69694800C3FB6A /* Debug */ = {
			isa = XCBuildConfiguration;
			buildSettings = {
				ALWAYS_SEARCH_USER_PATHS = NO;
				CLANG_CXX_LANGUAGE_STANDARD = "gnu++0x";
				CLANG_CXX_LIBRARY = "libc++";
				CLANG_ENABLE_MODULES = YES;
				CLANG_ENABLE_OBJC_ARC = YES;
				CLANG_WARN_BOOL_CONVERSION = YES;
				CLANG_WARN_CONSTANT_CONVERSION = YES;
				CLANG_WARN_DIRECT_OBJC_ISA_USAGE = YES_ERROR;
				CLANG_WARN_EMPTY_BODY = YES;
				CLANG_WARN_ENUM_CONVERSION = YES;
				CLANG_WARN_INT_CONVERSION = YES;
				CLANG_WARN_OBJC_ROOT_CLASS = YES_ERROR;
				CLANG_WARN_UNREACHABLE_CODE = YES;
				CLANG_WARN__DUPLICATE_METHOD_MATCH = YES;
				"CODE_SIGN_IDENTITY[sdk=iphoneos*]" = "iPhone Developer";
				COPY_PHASE_STRIP = NO;
				ENABLE_STRICT_OBJC_MSGSEND = YES;
				GCC_C_LANGUAGE_STANDARD = gnu99;
				GCC_DYNAMIC_NO_PIC = NO;
				GCC_OPTIMIZATION_LEVEL = 0;
				GCC_PREPROCESSOR_DEFINITIONS = (
					"DEBUG=1",
					"$(inherited)",
				);
				GCC_SYMBOLS_PRIVATE_EXTERN = NO;
				GCC_WARN_64_TO_32_BIT_CONVERSION = YES;
				GCC_WARN_ABOUT_RETURN_TYPE = YES_ERROR;
				GCC_WARN_UNDECLARED_SELECTOR = YES;
				GCC_WARN_UNINITIALIZED_AUTOS = YES_AGGRESSIVE;
				GCC_WARN_UNUSED_FUNCTION = YES;
				GCC_WARN_UNUSED_VARIABLE = YES;
				IPHONEOS_DEPLOYMENT_TARGET = 8.1;
				MTL_ENABLE_DEBUG_INFO = YES;
				ONLY_ACTIVE_ARCH = YES;
				SDKROOT = iphoneos;
				TARGETED_DEVICE_FAMILY = "1,2";
			};
			name = Debug;
		};
		B0F0D1EA1A69694800C3FB6A /* Release */ = {
			isa = XCBuildConfiguration;
			buildSettings = {
				ALWAYS_SEARCH_USER_PATHS = NO;
				CLANG_CXX_LANGUAGE_STANDARD = "gnu++0x";
				CLANG_CXX_LIBRARY = "libc++";
				CLANG_ENABLE_MODULES = YES;
				CLANG_ENABLE_OBJC_ARC = YES;
				CLANG_WARN_BOOL_CONVERSION = YES;
				CLANG_WARN_CONSTANT_CONVERSION = YES;
				CLANG_WARN_DIRECT_OBJC_ISA_USAGE = YES_ERROR;
				CLANG_WARN_EMPTY_BODY = YES;
				CLANG_WARN_ENUM_CONVERSION = YES;
				CLANG_WARN_INT_CONVERSION = YES;
				CLANG_WARN_OBJC_ROOT_CLASS = YES_ERROR;
				CLANG_WARN_UNREACHABLE_CODE = YES;
				CLANG_WARN__DUPLICATE_METHOD_MATCH = YES;
				"CODE_SIGN_IDENTITY[sdk=iphoneos*]" = "iPhone Developer";
				COPY_PHASE_STRIP = YES;
				ENABLE_NS_ASSERTIONS = NO;
				ENABLE_STRICT_OBJC_MSGSEND = YES;
				GCC_C_LANGUAGE_STANDARD = gnu99;
				GCC_WARN_64_TO_32_BIT_CONVERSION = YES;
				GCC_WARN_ABOUT_RETURN_TYPE = YES_ERROR;
				GCC_WARN_UNDECLARED_SELECTOR = YES;
				GCC_WARN_UNINITIALIZED_AUTOS = YES_AGGRESSIVE;
				GCC_WARN_UNUSED_FUNCTION = YES;
				GCC_WARN_UNUSED_VARIABLE = YES;
				IPHONEOS_DEPLOYMENT_TARGET = 8.1;
				MTL_ENABLE_DEBUG_INFO = NO;
				SDKROOT = iphoneos;
				TARGETED_DEVICE_FAMILY = "1,2";
				VALIDATE_PRODUCT = YES;
			};
			name = Release;
		};
		B0F0D1EC1A69694800C3FB6A /* Debug */ = {
			isa = XCBuildConfiguration;
			buildSettings = {
				ASSETCATALOG_COMPILER_APPICON_NAME = AppIcon;
				INFOPLIST_FILE = ShinyOctoCyril/Info.plist;
				LD_RUNPATH_SEARCH_PATHS = "$(inherited) @executable_path/Frameworks";
				PRODUCT_NAME = "$(TARGET_NAME)";
			};
			name = Debug;
		};
		B0F0D1ED1A69694800C3FB6A /* Release */ = {
			isa = XCBuildConfiguration;
			buildSettings = {
				ASSETCATALOG_COMPILER_APPICON_NAME = AppIcon;
				INFOPLIST_FILE = ShinyOctoCyril/Info.plist;
				LD_RUNPATH_SEARCH_PATHS = "$(inherited) @executable_path/Frameworks";
				PRODUCT_NAME = "$(TARGET_NAME)";
			};
			name = Release;
		};
		B0F0D1EF1A69694800C3FB6A /* Debug */ = {
			isa = XCBuildConfiguration;
			buildSettings = {
				BUNDLE_LOADER = "$(TEST_HOST)";
				FRAMEWORK_SEARCH_PATHS = (
					"$(SDKROOT)/Developer/Library/Frameworks",
					"$(inherited)",
				);
				GCC_PREPROCESSOR_DEFINITIONS = (
					"DEBUG=1",
					"$(inherited)",
				);
				INFOPLIST_FILE = ShinyOctoCyrilTests/Info.plist;
				LD_RUNPATH_SEARCH_PATHS = "$(inherited) @executable_path/Frameworks @loader_path/Frameworks";
				PRODUCT_NAME = "$(TARGET_NAME)";
				TEST_HOST = "$(BUILT_PRODUCTS_DIR)/ShinyOctoCyril.app/ShinyOctoCyril";
			};
			name = Debug;
		};
		B0F0D1F01A69694800C3FB6A /* Release */ = {
			isa = XCBuildConfiguration;
			buildSettings = {
				BUNDLE_LOADER = "$(TEST_HOST)";
				FRAMEWORK_SEARCH_PATHS = (
					"$(SDKROOT)/Developer/Library/Frameworks",
					"$(inherited)",
				);
				INFOPLIST_FILE = ShinyOctoCyrilTests/Info.plist;
				LD_RUNPATH_SEARCH_PATHS = "$(inherited) @executable_path/Frameworks @loader_path/Frameworks";
				PRODUCT_NAME = "$(TARGET_NAME)";
				TEST_HOST = "$(BUILT_PRODUCTS_DIR)/ShinyOctoCyril.app/ShinyOctoCyril";
			};
			name = Release;
		};
/* End XCBuildConfiguration section */

/* Begin XCConfigurationList section */
		B0F0D1C31A69694800C3FB6A /* Build configuration list for PBXProject "ShinyOctoCyril" */ = {
			isa = XCConfigurationList;
			buildConfigurations = (
				B0F0D1E91A69694800C3FB6A /* Debug */,
				B0F0D1EA1A69694800C3FB6A /* Release */,
			);
			defaultConfigurationIsVisible = 0;
			defaultConfigurationName = Release;
		};
		B0F0D1EB1A69694800C3FB6A /* Build configuration list for PBXNativeTarget "ShinyOctoCyril" */ = {
			isa = XCConfigurationList;
			buildConfigurations = (
				B0F0D1EC1A69694800C3FB6A /* Debug */,
				B0F0D1ED1A69694800C3FB6A /* Release */,
			);
			defaultConfigurationIsVisible = 0;
			defaultConfigurationName = Release;
		};
		B0F0D1EE1A69694800C3FB6A /* Build configuration list for PBXNativeTarget "ShinyOctoCyrilTests" */ = {
			isa = XCConfigurationList;
			buildConfigurations = (
				B0F0D1EF1A69694800C3FB6A /* Debug */,
				B0F0D1F01A69694800C3FB6A /* Release */,
			);
			defaultConfigurationIsVisible = 0;
			defaultConfigurationName = Release;
		};
/* End XCConfigurationList section */
	};
	rootObject = B0F0D1C01A69694800C3FB6A /* Project object */;
}
